
Microsoft Visual Studio Solution File, Format Version 12.00
# Visual Studio Version 16
VisualStudioVersion = 16.0.30517.126
MinimumVisualStudioVersion = 10.0.40219.1
Project("{FAE04EC0-301F-11D3-BF4B-00C04F79EFBC}") = "eShopSolution.WebApp", "eShopSolution.WebApp\eShopSolution.WebApp.csproj", "{9BD0BF4A-3D66-4CD3-830B-42443870520D}"
EndProject
Project("{FAE04EC0-301F-11D3-BF4B-00C04F79EFBC}") = "eShopSolution.Data", "eShopSolution.Data\eShopSolution.Data.csproj", "{EC9B1689-DFE4-4681-91F7-2D53FABACC7E}"
EndProject
Project("{FAE04EC0-301F-11D3-BF4B-00C04F79EFBC}") = "eShopSolution.Application", "eShopSolution.Application\eShopSolution.Application.csproj", "{4A5BC27A-5621-42F2-A8B1-1A0C51B9FCE9}"
EndProject
Global
	GlobalSection(SolutionConfigurationPlatforms) = preSolution
		Debug|Any CPU = Debug|Any CPU
		Release|Any CPU = Release|Any CPU
	EndGlobalSection
	GlobalSection(ProjectConfigurationPlatforms) = postSolution
		{9BD0BF4A-3D66-4CD3-830B-42443870520D}.Debug|Any CPU.ActiveCfg = Debug|Any CPU
		{9BD0BF4A-3D66-4CD3-830B-42443870520D}.Debug|Any CPU.Build.0 = Debug|Any CPU
		{9BD0BF4A-3D66-4CD3-830B-42443870520D}.Release|Any CPU.ActiveCfg = Release|Any CPU
		{9BD0BF4A-3D66-4CD3-830B-42443870520D}.Release|Any CPU.Build.0 = Release|Any CPU
		{EC9B1689-DFE4-4681-91F7-2D53FABACC7E}.Debug|Any CPU.ActiveCfg = Debug|Any CPU
		{EC9B1689-DFE4-4681-91F7-2D53FABACC7E}.Debug|Any CPU.Build.0 = Debug|Any CPU
		{EC9B1689-DFE4-4681-91F7-2D53FABACC7E}.Release|Any CPU.ActiveCfg = Release|Any CPU
		{EC9B1689-DFE4-4681-91F7-2D53FABACC7E}.Release|Any CPU.Build.0 = Release|Any CPU
		{4A5BC27A-5621-42F2-A8B1-1A0C51B9FCE9}.Debug|Any CPU.ActiveCfg = Debug|Any CPU
		{4A5BC27A-5621-42F2-A8B1-1A0C51B9FCE9}.Debug|Any CPU.Build.0 = Debug|Any CPU
		{4A5BC27A-5621-42F2-A8B1-1A0C51B9FCE9}.Release|Any CPU.ActiveCfg = Release|Any CPU
		{4A5BC27A-5621-42F2-A8B1-1A0C51B9FCE9}.Release|Any CPU.Build.0 = Release|Any CPU
	EndGlobalSection
	GlobalSection(SolutionProperties) = preSolution
		HideSolutionNode = FALSE
	EndGlobalSection
	GlobalSection(ExtensibilityGlobals) = postSolution
		SolutionGuid = {6B005A1E-BF03-4D43-86BD-DEB8F8518309}
	EndGlobalSection
EndGlobal
